// !$*UTF8*$!
{
	archiveVersion = 1;
	classes = {
	};
	objectVersion = 51;
	objects = {

/* Begin PBXBuildFile section */
		4A3618192124D9D700489D1B /* Origin.swift in Sources */ = {isa = PBXBuildFile; fileRef = 4A3618182124D9D700489D1B /* Origin.swift */; };
		4A36181B2124D9EB00489D1B /* Art.swift in Sources */ = {isa = PBXBuildFile; fileRef = 4A36181A2124D9EB00489D1B /* Art.swift */; };
		4A49E0D82118E4E1002347F3 /* Cartfile.private in Resources */ = {isa = PBXBuildFile; fileRef = 4A49E0D22118E4E1002347F3 /* Cartfile.private */; };
		4A49E0D92118E4E1002347F3 /* .swiftlint.yml in Resources */ = {isa = PBXBuildFile; fileRef = 4A49E0D32118E4E1002347F3 /* .swiftlint.yml */; };
		4A49E0DA2118E4E1002347F3 /* Cartfile in Resources */ = {isa = PBXBuildFile; fileRef = 4A49E0D42118E4E1002347F3 /* Cartfile */; };
		4A49E0DB2118E4E1002347F3 /* changelog.md in Resources */ = {isa = PBXBuildFile; fileRef = 4A49E0D52118E4E1002347F3 /* changelog.md */; };
		4A49E0DC2118E4E1002347F3 /* .gitignore in Resources */ = {isa = PBXBuildFile; fileRef = 4A49E0D62118E4E1002347F3 /* .gitignore */; };
		4A49E0DD2118E4E1002347F3 /* readme.md in Resources */ = {isa = PBXBuildFile; fileRef = 4A49E0D72118E4E1002347F3 /* readme.md */; };
		4A5B96312124BC4E003699A8 /* BandcampService.swift in Sources */ = {isa = PBXBuildFile; fileRef = 4A6BD5D521187BDB00D35FC2 /* BandcampService.swift */; };
		4A5B96322124BC4E003699A8 /* DataBlob.swift in Sources */ = {isa = PBXBuildFile; fileRef = 4AA184DE2121C6CC00F05559 /* DataBlob.swift */; };
		4A5B96332124BC4E003699A8 /* Track.swift in Sources */ = {isa = PBXBuildFile; fileRef = 4A4C1DDA211F9EAE0098FBD3 /* Track.swift */; };
		4A5B96342124BC4E003699A8 /* AudioFile.swift in Sources */ = {isa = PBXBuildFile; fileRef = 4AEF5C7C21245B3900D05EED /* AudioFile.swift */; };
		4A5B96352124BC4E003699A8 /* PlayCapData.swift in Sources */ = {isa = PBXBuildFile; fileRef = 4AEF5C7E21245B9200D05EED /* PlayCapData.swift */; };
		4A5B96362124BC4E003699A8 /* BandcampDateFormatter.swift in Sources */ = {isa = PBXBuildFile; fileRef = 4A5F94FA2124AC930018828E /* BandcampDateFormatter.swift */; };
		4A5B96372124BC4E003699A8 /* Album.swift in Sources */ = {isa = PBXBuildFile; fileRef = 4A96E5DC211F941900B864E7 /* Album.swift */; };
		4A5B96382124BC4E003699A8 /* TralbumCollectInfo.swift in Sources */ = {isa = PBXBuildFile; fileRef = 4AEF5C8021245BA800D05EED /* TralbumCollectInfo.swift */; };
		4A5B963A2124D239003699A8 /* Package.swift in Sources */ = {isa = PBXBuildFile; fileRef = 4A5B96392124D239003699A8 /* Package.swift */; };
		4A6BD5B421187B0800D35FC2 /* AppDelegate.swift in Sources */ = {isa = PBXBuildFile; fileRef = 4A6BD5B321187B0800D35FC2 /* AppDelegate.swift */; };
		4A6BD5B621187B0800D35FC2 /* ViewController.swift in Sources */ = {isa = PBXBuildFile; fileRef = 4A6BD5B521187B0800D35FC2 /* ViewController.swift */; };
		4A6BD5B821187B0800D35FC2 /* Assets.xcassets in Resources */ = {isa = PBXBuildFile; fileRef = 4A6BD5B721187B0800D35FC2 /* Assets.xcassets */; };
		4A6BD5BB21187B0800D35FC2 /* Main.storyboard in Resources */ = {isa = PBXBuildFile; fileRef = 4A6BD5B921187B0800D35FC2 /* Main.storyboard */; };
		4ABA9AF22143032500EF5238 /* dataBlob.json in Resources */ = {isa = PBXBuildFile; fileRef = 4ABA9AF12143032500EF5238 /* dataBlob.json */; };
/* End PBXBuildFile section */

/* Begin PBXCopyFilesBuildPhase section */
		4A6BD5D421187BBB00D35FC2 /* Embed Frameworks */ = {
			isa = PBXCopyFilesBuildPhase;
			buildActionMask = 2147483647;
			dstPath = "";
			dstSubfolderSpec = 10;
			files = (
			);
			name = "Embed Frameworks";
			runOnlyForDeploymentPostprocessing = 0;
		};
/* End PBXCopyFilesBuildPhase section */

/* Begin PBXFileReference section */
		4A178A4F2118EFC2004ED71A /* Bandcamper.playground */ = {isa = PBXFileReference; lastKnownFileType = file.playground; path = Bandcamper.playground; sourceTree = SOURCE_ROOT; xcLanguageSpecificationIdentifier = xcode.lang.swift; };
		4A3618182124D9D700489D1B /* Origin.swift */ = {isa = PBXFileReference; lastKnownFileType = sourcecode.swift; path = Origin.swift; sourceTree = "<group>"; };
		4A36181A2124D9EB00489D1B /* Art.swift */ = {isa = PBXFileReference; lastKnownFileType = sourcecode.swift; path = Art.swift; sourceTree = "<group>"; };
		4A49E0D22118E4E1002347F3 /* Cartfile.private */ = {isa = PBXFileReference; fileEncoding = 4; lastKnownFileType = text; path = Cartfile.private; sourceTree = "<group>"; };
		4A49E0D32118E4E1002347F3 /* .swiftlint.yml */ = {isa = PBXFileReference; fileEncoding = 4; lastKnownFileType = text; path = .swiftlint.yml; sourceTree = "<group>"; };
		4A49E0D42118E4E1002347F3 /* Cartfile */ = {isa = PBXFileReference; fileEncoding = 4; lastKnownFileType = text; path = Cartfile; sourceTree = "<group>"; };
		4A49E0D52118E4E1002347F3 /* changelog.md */ = {isa = PBXFileReference; fileEncoding = 4; lastKnownFileType = net.daringfireball.markdown; path = changelog.md; sourceTree = "<group>"; };
		4A49E0D62118E4E1002347F3 /* .gitignore */ = {isa = PBXFileReference; fileEncoding = 4; lastKnownFileType = text; path = .gitignore; sourceTree = "<group>"; };
		4A49E0D72118E4E1002347F3 /* readme.md */ = {isa = PBXFileReference; fileEncoding = 4; lastKnownFileType = net.daringfireball.markdown; path = readme.md; sourceTree = "<group>"; };
		4A49E0DF2118E5D3002347F3 /* dobie.html */ = {isa = PBXFileReference; lastKnownFileType = text.html; path = dobie.html; sourceTree = "<group>"; };
		4A49E0E02118E5D3002347F3 /* TralbumData.js */ = {isa = PBXFileReference; lastKnownFileType = sourcecode.javascript; path = TralbumData.js; sourceTree = "<group>"; };
		4A49E0E22118E61D002347F3 /* SwiftSoup.framework */ = {isa = PBXFileReference; lastKnownFileType = wrapper.framework; name = SwiftSoup.framework; path = Carthage/Build/Mac/SwiftSoup.framework; sourceTree = "<group>"; };
		4A4C1DDA211F9EAE0098FBD3 /* Track.swift */ = {isa = PBXFileReference; lastKnownFileType = sourcecode.swift; path = Track.swift; sourceTree = "<group>"; };
		4A5B96392124D239003699A8 /* Package.swift */ = {isa = PBXFileReference; lastKnownFileType = sourcecode.swift; path = Package.swift; sourceTree = "<group>"; };
		4A5F94FA2124AC930018828E /* BandcampDateFormatter.swift */ = {isa = PBXFileReference; lastKnownFileType = sourcecode.swift; path = BandcampDateFormatter.swift; sourceTree = "<group>"; };
		4A6BD5B021187B0700D35FC2 /* Bandcamper.app */ = {isa = PBXFileReference; explicitFileType = wrapper.application; includeInIndex = 0; path = Bandcamper.app; sourceTree = BUILT_PRODUCTS_DIR; };
		4A6BD5B321187B0800D35FC2 /* AppDelegate.swift */ = {isa = PBXFileReference; lastKnownFileType = sourcecode.swift; path = AppDelegate.swift; sourceTree = "<group>"; };
		4A6BD5B521187B0800D35FC2 /* ViewController.swift */ = {isa = PBXFileReference; lastKnownFileType = sourcecode.swift; path = ViewController.swift; sourceTree = "<group>"; };
		4A6BD5B721187B0800D35FC2 /* Assets.xcassets */ = {isa = PBXFileReference; lastKnownFileType = folder.assetcatalog; path = Assets.xcassets; sourceTree = "<group>"; };
		4A6BD5BA21187B0800D35FC2 /* Base */ = {isa = PBXFileReference; lastKnownFileType = file.storyboard; name = Base; path = Base.lproj/Main.storyboard; sourceTree = "<group>"; };
		4A6BD5BC21187B0800D35FC2 /* Info.plist */ = {isa = PBXFileReference; lastKnownFileType = text.plist.xml; path = Info.plist; sourceTree = "<group>"; };
		4A6BD5BD21187B0800D35FC2 /* Bandcamper.entitlements */ = {isa = PBXFileReference; lastKnownFileType = text.plist.entitlements; path = Bandcamper.entitlements; sourceTree = "<group>"; };
		4A6BD5D521187BDB00D35FC2 /* BandcampService.swift */ = {isa = PBXFileReference; fileEncoding = 4; lastKnownFileType = sourcecode.swift; path = BandcampService.swift; sourceTree = "<group>"; };
		4A96E5DC211F941900B864E7 /* Album.swift */ = {isa = PBXFileReference; lastKnownFileType = sourcecode.swift; path = Album.swift; sourceTree = "<group>"; };
		4AA184DE2121C6CC00F05559 /* DataBlob.swift */ = {isa = PBXFileReference; lastKnownFileType = sourcecode.swift; path = DataBlob.swift; sourceTree = "<group>"; };
		4ABA9AF12143032500EF5238 /* dataBlob.json */ = {isa = PBXFileReference; fileEncoding = 4; lastKnownFileType = text.json; path = dataBlob.json; sourceTree = "<group>"; };
		4AEF5C7C21245B3900D05EED /* AudioFile.swift */ = {isa = PBXFileReference; lastKnownFileType = sourcecode.swift; path = AudioFile.swift; sourceTree = "<group>"; };
		4AEF5C7E21245B9200D05EED /* PlayCapData.swift */ = {isa = PBXFileReference; lastKnownFileType = sourcecode.swift; path = PlayCapData.swift; sourceTree = "<group>"; };
		4AEF5C8021245BA800D05EED /* TralbumCollectInfo.swift */ = {isa = PBXFileReference; lastKnownFileType = sourcecode.swift; path = TralbumCollectInfo.swift; sourceTree = "<group>"; };
/* End PBXFileReference section */

/* Begin PBXFrameworksBuildPhase section */
		4A6BD5AD21187B0700D35FC2 /* Frameworks */ = {
			isa = PBXFrameworksBuildPhase;
			buildActionMask = 2147483647;
			files = (
			);
			runOnlyForDeploymentPostprocessing = 0;
		};
/* End PBXFrameworksBuildPhase section */

/* Begin PBXGroup section */
		4A49E0E12118E61C002347F3 /* Frameworks */ = {
			isa = PBXGroup;
			children = (
				4A49E0E22118E61D002347F3 /* SwiftSoup.framework */,
			);
			name = Frameworks;
			sourceTree = "<group>";
		};
		4A6BD5A721187B0700D35FC2 = {
			isa = PBXGroup;
			children = (
				4A178A4F2118EFC2004ED71A /* Bandcamper.playground */,
				4A49E0D72118E4E1002347F3 /* readme.md */,
				4A49E0D52118E4E1002347F3 /* changelog.md */,
				4A6BD5B221187B0700D35FC2 /* Bandcamper */,
				4A6BD5B121187B0700D35FC2 /* Products */,
				4A49E0E12118E61C002347F3 /* Frameworks */,
				4A49E0D42118E4E1002347F3 /* Cartfile */,
				4A49E0D22118E4E1002347F3 /* Cartfile.private */,
				4A49E0D32118E4E1002347F3 /* .swiftlint.yml */,
				4A49E0D62118E4E1002347F3 /* .gitignore */,
			);
			sourceTree = "<group>";
		};
		4A6BD5B121187B0700D35FC2 /* Products */ = {
			isa = PBXGroup;
			children = (
				4A6BD5B021187B0700D35FC2 /* Bandcamper.app */,
			);
			name = Products;
			sourceTree = "<group>";
		};
		4A6BD5B221187B0700D35FC2 /* Bandcamper */ = {
			isa = PBXGroup;
			children = (
				4A6BD5B321187B0800D35FC2 /* AppDelegate.swift */,
				4ABA9AF32143034200EF5238 /* View */,
				4ABA9AEC214302F100EF5238 /* Utilities */,
				4ABA9AEB214302EB00EF5238 /* Model */,
				4ABA9AEA214302E500EF5238 /* Service */,
				4ABA9AEF2143031800EF5238 /* Resources */,
				4ABA9AED214302F700EF5238 /* Supporting Files */,
			);
			path = Bandcamper;
			sourceTree = "<group>";
		};
		4ABA9AEA214302E500EF5238 /* Service */ = {
			isa = PBXGroup;
			children = (
				4A6BD5D521187BDB00D35FC2 /* BandcampService.swift */,
			);
			path = Service;
			sourceTree = "<group>";
		};
		4ABA9AEB214302EB00EF5238 /* Model */ = {
			isa = PBXGroup;
			children = (
				4AA184DE2121C6CC00F05559 /* DataBlob.swift */,
				4A96E5DC211F941900B864E7 /* Album.swift */,
				4A4C1DDA211F9EAE0098FBD3 /* Track.swift */,
				4A5B96392124D239003699A8 /* Package.swift */,
				4A3618182124D9D700489D1B /* Origin.swift */,
				4A36181A2124D9EB00489D1B /* Art.swift */,
				4AEF5C7E21245B9200D05EED /* PlayCapData.swift */,
				4AEF5C8021245BA800D05EED /* TralbumCollectInfo.swift */,
				4AEF5C7C21245B3900D05EED /* AudioFile.swift */,
			);
			path = Model;
			sourceTree = "<group>";
		};
		4ABA9AEC214302F100EF5238 /* Utilities */ = {
			isa = PBXGroup;
			children = (
				4A5F94FA2124AC930018828E /* BandcampDateFormatter.swift */,
			);
			path = Utilities;
			sourceTree = "<group>";
		};
		4ABA9AED214302F700EF5238 /* Supporting Files */ = {
			isa = PBXGroup;
			children = (
				4A6BD5B721187B0800D35FC2 /* Assets.xcassets */,
				4A6BD5BC21187B0800D35FC2 /* Info.plist */,
				4A6BD5BD21187B0800D35FC2 /* Bandcamper.entitlements */,
			);
			path = "Supporting Files";
			sourceTree = "<group>";
		};
		4ABA9AEF2143031800EF5238 /* Resources */ = {
			isa = PBXGroup;
			children = (
				4ABA9AF02143031800EF5238 /* TestData */,
			);
			path = Resources;
			sourceTree = "<group>";
		};
		4ABA9AF02143031800EF5238 /* TestData */ = {
			isa = PBXGroup;
			children = (
				4ABA9AF12143032500EF5238 /* dataBlob.json */,
				4A49E0DF2118E5D3002347F3 /* dobie.html */,
				4A49E0E02118E5D3002347F3 /* TralbumData.js */,
			);
			path = TestData;
			sourceTree = "<group>";
		};
		4ABA9AF32143034200EF5238 /* View */ = {
			isa = PBXGroup;
			children = (
				4A6BD5B521187B0800D35FC2 /* ViewController.swift */,
				4A6BD5B921187B0800D35FC2 /* Main.storyboard */,
			);
			path = View;
			sourceTree = "<group>";
		};
/* End PBXGroup section */

/* Begin PBXNativeTarget section */
		4A6BD5AF21187B0700D35FC2 /* Bandcamper */ = {
			isa = PBXNativeTarget;
			buildConfigurationList = 4A6BD5C021187B0800D35FC2 /* Build configuration list for PBXNativeTarget "Bandcamper" */;
			buildPhases = (
				4A6BD5AC21187B0700D35FC2 /* Sources */,
				4A6BD5AD21187B0700D35FC2 /* Frameworks */,
				4A6BD5AE21187B0700D35FC2 /* Resources */,
				4A6BD5D421187BBB00D35FC2 /* Embed Frameworks */,
				4A49E0CF2118E491002347F3 /* Swiftlint */,
			);
			buildRules = (
			);
			dependencies = (
			);
			name = Bandcamper;
			productName = Bandcamper;
			productReference = 4A6BD5B021187B0700D35FC2 /* Bandcamper.app */;
			productType = "com.apple.product-type.application";
		};
/* End PBXNativeTarget section */

/* Begin PBXProject section */
		4A6BD5A821187B0700D35FC2 /* Project object */ = {
			isa = PBXProject;
			attributes = {
				LastSwiftUpdateCheck = 1000;
				LastUpgradeCheck = 1000;
				ORGANIZATIONNAME = Levelsoft;
				TargetAttributes = {
					4A6BD5AF21187B0700D35FC2 = {
						CreatedOnToolsVersion = 10.0;
						SystemCapabilities = {
							com.apple.Sandbox = {
								enabled = 1;
							};
						};
					};
				};
			};
			buildConfigurationList = 4A6BD5AB21187B0700D35FC2 /* Build configuration list for PBXProject "Bandcamper" */;
			compatibilityVersion = "Xcode 10.0";
			developmentRegion = en;
			hasScannedForEncodings = 0;
			knownRegions = (
				en,
				Base,
			);
			mainGroup = 4A6BD5A721187B0700D35FC2;
			productRefGroup = 4A6BD5B121187B0700D35FC2 /* Products */;
			projectDirPath = "";
			projectRoot = "";
			targets = (
				4A6BD5AF21187B0700D35FC2 /* Bandcamper */,
			);
		};
/* End PBXProject section */

/* Begin PBXResourcesBuildPhase section */
		4A6BD5AE21187B0700D35FC2 /* Resources */ = {
			isa = PBXResourcesBuildPhase;
			buildActionMask = 2147483647;
			files = (
				4A49E0DA2118E4E1002347F3 /* Cartfile in Resources */,
				4A49E0DC2118E4E1002347F3 /* .gitignore in Resources */,
				4A49E0D92118E4E1002347F3 /* .swiftlint.yml in Resources */,
				4A6BD5B821187B0800D35FC2 /* Assets.xcassets in Resources */,
				4A49E0DB2118E4E1002347F3 /* changelog.md in Resources */,
				4A49E0D82118E4E1002347F3 /* Cartfile.private in Resources */,
				4A49E0DD2118E4E1002347F3 /* readme.md in Resources */,
				4A6BD5BB21187B0800D35FC2 /* Main.storyboard in Resources */,
				4ABA9AF22143032500EF5238 /* dataBlob.json in Resources */,
			);
			runOnlyForDeploymentPostprocessing = 0;
		};
/* End PBXResourcesBuildPhase section */

/* Begin PBXShellScriptBuildPhase section */
		4A49E0CF2118E491002347F3 /* Swiftlint */ = {
			isa = PBXShellScriptBuildPhase;
			buildActionMask = 2147483647;
			files = (
			);
			inputFileListPaths = (
			);
			inputPaths = (
			);
			name = Swiftlint;
			outputFileListPaths = (
			);
			outputPaths = (
			);
			runOnlyForDeploymentPostprocessing = 0;
			shellPath = /bin/sh;
			shellScript = "if which swiftlint >/dev/null; then\n    swiftlint\nelse\n    echo \"warning: SwiftLint not installed, download from https://github.com/realm/SwiftLint\"\nfi\n";
		};
/* End PBXShellScriptBuildPhase section */

/* Begin PBXSourcesBuildPhase section */
		4A6BD5AC21187B0700D35FC2 /* Sources */ = {
			isa = PBXSourcesBuildPhase;
			buildActionMask = 2147483647;
			files = (
				4A5B96342124BC4E003699A8 /* AudioFile.swift in Sources */,
				4A5B96312124BC4E003699A8 /* BandcampService.swift in Sources */,
				4A5B96332124BC4E003699A8 /* Track.swift in Sources */,
				4A6BD5B621187B0800D35FC2 /* ViewController.swift in Sources */,
				4A5B96352124BC4E003699A8 /* PlayCapData.swift in Sources */,
				4A5B96372124BC4E003699A8 /* Album.swift in Sources */,
				4A5B96382124BC4E003699A8 /* TralbumCollectInfo.swift in Sources */,
				4A5B96322124BC4E003699A8 /* DataBlob.swift in Sources */,
				4A36181B2124D9EB00489D1B /* Art.swift in Sources */,
				4A5B96362124BC4E003699A8 /* BandcampDateFormatter.swift in Sources */,
				4A5B963A2124D239003699A8 /* Package.swift in Sources */,
				4A6BD5B421187B0800D35FC2 /* AppDelegate.swift in Sources */,
				4A3618192124D9D700489D1B /* Origin.swift in Sources */,
			);
			runOnlyForDeploymentPostprocessing = 0;
		};
/* End PBXSourcesBuildPhase section */

/* Begin PBXVariantGroup section */
		4A6BD5B921187B0800D35FC2 /* Main.storyboard */ = {
			isa = PBXVariantGroup;
			children = (
				4A6BD5BA21187B0800D35FC2 /* Base */,
			);
			name = Main.storyboard;
			sourceTree = "<group>";
		};
/* End PBXVariantGroup section */

/* Begin XCBuildConfiguration section */
		4A6BD5BE21187B0800D35FC2 /* Debug */ = {
			isa = XCBuildConfiguration;
			buildSettings = {
				ALWAYS_SEARCH_USER_PATHS = NO;
				CLANG_ANALYZER_NONNULL = YES;
				CLANG_ANALYZER_NUMBER_OBJECT_CONVERSION = YES_AGGRESSIVE;
				CLANG_CXX_LANGUAGE_STANDARD = "gnu++14";
				CLANG_CXX_LIBRARY = "libc++";
				CLANG_ENABLE_MODULES = YES;
				CLANG_ENABLE_OBJC_ARC = YES;
				CLANG_ENABLE_OBJC_WEAK = YES;
				CLANG_WARN_BLOCK_CAPTURE_AUTORELEASING = YES;
				CLANG_WARN_BOOL_CONVERSION = YES;
				CLANG_WARN_COMMA = YES;
				CLANG_WARN_CONSTANT_CONVERSION = YES;
				CLANG_WARN_DEPRECATED_OBJC_IMPLEMENTATIONS = YES;
				CLANG_WARN_DIRECT_OBJC_ISA_USAGE = YES_ERROR;
				CLANG_WARN_DOCUMENTATION_COMMENTS = YES;
				CLANG_WARN_EMPTY_BODY = YES;
				CLANG_WARN_ENUM_CONVERSION = YES;
				CLANG_WARN_INFINITE_RECURSION = YES;
				CLANG_WARN_INT_CONVERSION = YES;
				CLANG_WARN_NON_LITERAL_NULL_CONVERSION = YES;
				CLANG_WARN_OBJC_IMPLICIT_RETAIN_SELF = YES;
				CLANG_WARN_OBJC_LITERAL_CONVERSION = YES;
				CLANG_WARN_OBJC_ROOT_CLASS = YES_ERROR;
				CLANG_WARN_RANGE_LOOP_ANALYSIS = YES;
				CLANG_WARN_STRICT_PROTOTYPES = YES;
				CLANG_WARN_SUSPICIOUS_MOVE = YES;
				CLANG_WARN_UNGUARDED_AVAILABILITY = YES_AGGRESSIVE;
				CLANG_WARN_UNREACHABLE_CODE = YES;
				CLANG_WARN__DUPLICATE_METHOD_MATCH = YES;
				CODE_SIGN_IDENTITY = "Mac Developer";
				COPY_PHASE_STRIP = NO;
				DEBUG_INFORMATION_FORMAT = dwarf;
				ENABLE_STRICT_OBJC_MSGSEND = YES;
				ENABLE_TESTABILITY = YES;
				GCC_C_LANGUAGE_STANDARD = gnu11;
				GCC_DYNAMIC_NO_PIC = NO;
				GCC_NO_COMMON_BLOCKS = YES;
				GCC_OPTIMIZATION_LEVEL = 0;
				GCC_PREPROCESSOR_DEFINITIONS = (
					"DEBUG=1",
					"$(inherited)",
				);
				GCC_WARN_64_TO_32_BIT_CONVERSION = YES;
				GCC_WARN_ABOUT_RETURN_TYPE = YES_ERROR;
				GCC_WARN_UNDECLARED_SELECTOR = YES;
				GCC_WARN_UNINITIALIZED_AUTOS = YES_AGGRESSIVE;
				GCC_WARN_UNUSED_FUNCTION = YES;
				GCC_WARN_UNUSED_VARIABLE = YES;
				MACOSX_DEPLOYMENT_TARGET = 10.13;
				MTL_ENABLE_DEBUG_INFO = INCLUDE_SOURCE;
				MTL_FAST_MATH = YES;
				ONLY_ACTIVE_ARCH = YES;
				SDKROOT = macosx;
				SWIFT_ACTIVE_COMPILATION_CONDITIONS = DEBUG;
				SWIFT_OPTIMIZATION_LEVEL = "-Onone";
			};
			name = Debug;
		};
		4A6BD5BF21187B0800D35FC2 /* Release */ = {
			isa = XCBuildConfiguration;
			buildSettings = {
				ALWAYS_SEARCH_USER_PATHS = NO;
				CLANG_ANALYZER_NONNULL = YES;
				CLANG_ANALYZER_NUMBER_OBJECT_CONVERSION = YES_AGGRESSIVE;
				CLANG_CXX_LANGUAGE_STANDARD = "gnu++14";
				CLANG_CXX_LIBRARY = "libc++";
				CLANG_ENABLE_MODULES = YES;
				CLANG_ENABLE_OBJC_ARC = YES;
				CLANG_ENABLE_OBJC_WEAK = YES;
				CLANG_WARN_BLOCK_CAPTURE_AUTORELEASING = YES;
				CLANG_WARN_BOOL_CONVERSION = YES;
				CLANG_WARN_COMMA = YES;
				CLANG_WARN_CONSTANT_CONVERSION = YES;
				CLANG_WARN_DEPRECATED_OBJC_IMPLEMENTATIONS = YES;
				CLANG_WARN_DIRECT_OBJC_ISA_USAGE = YES_ERROR;
				CLANG_WARN_DOCUMENTATION_COMMENTS = YES;
				CLANG_WARN_EMPTY_BODY = YES;
				CLANG_WARN_ENUM_CONVERSION = YES;
				CLANG_WARN_INFINITE_RECURSION = YES;
				CLANG_WARN_INT_CONVERSION = YES;
				CLANG_WARN_NON_LITERAL_NULL_CONVERSION = YES;
				CLANG_WARN_OBJC_IMPLICIT_RETAIN_SELF = YES;
				CLANG_WARN_OBJC_LITERAL_CONVERSION = YES;
				CLANG_WARN_OBJC_ROOT_CLASS = YES_ERROR;
				CLANG_WARN_RANGE_LOOP_ANALYSIS = YES;
				CLANG_WARN_STRICT_PROTOTYPES = YES;
				CLANG_WARN_SUSPICIOUS_MOVE = YES;
				CLANG_WARN_UNGUARDED_AVAILABILITY = YES_AGGRESSIVE;
				CLANG_WARN_UNREACHABLE_CODE = YES;
				CLANG_WARN__DUPLICATE_METHOD_MATCH = YES;
				CODE_SIGN_IDENTITY = "Mac Developer";
				COPY_PHASE_STRIP = NO;
				DEBUG_INFORMATION_FORMAT = "dwarf-with-dsym";
				ENABLE_NS_ASSERTIONS = NO;
				ENABLE_STRICT_OBJC_MSGSEND = YES;
				GCC_C_LANGUAGE_STANDARD = gnu11;
				GCC_NO_COMMON_BLOCKS = YES;
				GCC_WARN_64_TO_32_BIT_CONVERSION = YES;
				GCC_WARN_ABOUT_RETURN_TYPE = YES_ERROR;
				GCC_WARN_UNDECLARED_SELECTOR = YES;
				GCC_WARN_UNINITIALIZED_AUTOS = YES_AGGRESSIVE;
				GCC_WARN_UNUSED_FUNCTION = YES;
				GCC_WARN_UNUSED_VARIABLE = YES;
				MACOSX_DEPLOYMENT_TARGET = 10.13;
				MTL_ENABLE_DEBUG_INFO = NO;
				MTL_FAST_MATH = YES;
				SDKROOT = macosx;
				SWIFT_COMPILATION_MODE = wholemodule;
				SWIFT_OPTIMIZATION_LEVEL = "-O";
			};
			name = Release;
		};
		4A6BD5C121187B0800D35FC2 /* Debug */ = {
			isa = XCBuildConfiguration;
			buildSettings = {
				ASSETCATALOG_COMPILER_APPICON_NAME = AppIcon;
				CODE_SIGN_ENTITLEMENTS = "Bandcamper/Supporting Files/Bandcamper.entitlements";
				CODE_SIGN_STYLE = Automatic;
				COMBINE_HIDPI_IMAGES = YES;
				DEVELOPMENT_TEAM = F2J52QJQ9Y;
				INFOPLIST_FILE = "$(SRCROOT)/Bandcamper/Supporting Files/Info.plist";
				LD_RUNPATH_SEARCH_PATHS = (
					"$(inherited)",
					"@executable_path/../Frameworks",
				);
				PRODUCT_BUNDLE_IDENTIFIER = software.level.Bandcamper;
				PRODUCT_NAME = "$(TARGET_NAME)";
				SWIFT_VERSION = 4.2;
			};
			name = Debug;
		};
		4A6BD5C221187B0800D35FC2 /* Release */ = {
			isa = XCBuildConfiguration;
			buildSettings = {
				ASSETCATALOG_COMPILER_APPICON_NAME = AppIcon;
				CODE_SIGN_ENTITLEMENTS = "Bandcamper/Supporting Files/Bandcamper.entitlements";
				CODE_SIGN_STYLE = Automatic;
				COMBINE_HIDPI_IMAGES = YES;
				DEVELOPMENT_TEAM = F2J52QJQ9Y;
				INFOPLIST_FILE = "$(SRCROOT)/Bandcamper/Supporting Files/Info.plist";
				LD_RUNPATH_SEARCH_PATHS = (
					"$(inherited)",
					"@executable_path/../Frameworks",
				);
				PRODUCT_BUNDLE_IDENTIFIER = software.level.Bandcamper;
				PRODUCT_NAME = "$(TARGET_NAME)";
				SWIFT_VERSION = 4.2;
			};
			name = Release;
		};
/* End XCBuildConfiguration section */

/* Begin XCConfigurationList section */
		4A6BD5AB21187B0700D35FC2 /* Build configuration list for PBXProject "Bandcamper" */ = {
			isa = XCConfigurationList;
			buildConfigurations = (
				4A6BD5BE21187B0800D35FC2 /* Debug */,
				4A6BD5BF21187B0800D35FC2 /* Release */,
			);
			defaultConfigurationIsVisible = 0;
			defaultConfigurationName = Release;
		};
		4A6BD5C021187B0800D35FC2 /* Build configuration list for PBXNativeTarget "Bandcamper" */ = {
			isa = XCConfigurationList;
			buildConfigurations = (
				4A6BD5C121187B0800D35FC2 /* Debug */,
				4A6BD5C221187B0800D35FC2 /* Release */,
			);
			defaultConfigurationIsVisible = 0;
			defaultConfigurationName = Release;
		};
/* End XCConfigurationList section */
	};
	rootObject = 4A6BD5A821187B0700D35FC2 /* Project object */;
}
